# kind     name                                                        sha256-or-commit                                                url
archive    tinyxml2-10.0.0.tar.gz                                      3bdf15128ba16686e69bce256cc468e76c7b94ff2c7f391cc5ec09e40bff3839    https://github.com/leethomason/tinyxml2/archive/refs/tags/10.0.0.tar.gz
archive    console_bridge-1.0.1.tar.gz                                 2ff175a9bb2b1849f12a6bf972ce7e4313d543a2bbc83b60fdae7db6e0ba353f    https://github.com/ros/console_bridge/archive/refs/tags/1.0.1.tar.gz
archive    bullet3-3.25.tar.gz                                         c45afb6399e3f68036ddb641c6bf6f552bf332d5ab6be62f7e6c54eda05ceb77    https://github.com/bulletphysics/bullet3/archive/refs/tags/3.25.tar.gz
archive    opencv-4.9.0.tar.gz                                         ddf76f9dffd322c7c3cb1f721d0887f62d747b82059342213138dc190f28bc6c    https://github.com/opencv/opencv/archive/refs/tags/4.9.0.tar.gz
archive    eigen-3.4.0.tar.gz                                          8586084f71f9bde545ee7fa6d00288b264a2b7ac3607b974e54d13e7162c1c72    https://gitlab.com/libeigen/eigen/-/archive/3.4.0/eigen-3.4.0.tar.gz
archive    userspace-rcu-0.14.1.tar.bz2                                231acb13dc6ec023e836a0f0666f6aab47dc621ecb1d2cd9d9c22f922678abc0    https://lttng.org/files/urcu/userspace-rcu-0.14.1.tar.bz2
archive    lttng-ust-2.13.8.tar.bz2                                    d4ef98dab9a37ad4f524ccafdfd50af4f266039b528dd5afabce78e49024d937    https://lttng.org/files/lttng-ust/lttng-ust-2.13.8.tar.bz2
archive    popt-1.19.tar.gz                                            c25a4838fc8e4c1c8aacb8bd620edb3084a3d63bf8987fdad3ca2758c63240f9    https://ftp.osuosl.org/pub/rpm/popt/releases/popt-1.x/popt-1.19.tar.gz
archive    libxml2-2.9.14.tar.xz                                       60d74a257d1ccec0475e749cba2f21559e48139efba6ff28224357c7c798dfee    https://download.gnome.org/sources/libxml2/2.9/libxml2-2.9.14.tar.xz
archive    lttng-tools-2.13.15.tar.bz2                                 96ea42351ee112c19dad9fdc7aae93b583d9f1722b2175664a381d2d337703c4    https://lttng.org/files/lttng-tools/lttng-tools-2.13.15.tar.bz2
archive    assimp-5.3.1.tar.gz                                         a07666be71afe1ad4bc008c2336b7c688aca391271188eb9108d0c6db1be53f1    https://github.com/assimp/assimp/archive/refs/tags/v5.3.1.tar.gz
archive    freetype-2.13.2.tar.xz                                      12991c4e55c506dd7f9b765933e62fd2be2e06d421505d7950a132e4f1bb484d    https://downloads.sourceforge.net/project/freetype/freetype2/2.13.2/freetype-2.13.2.tar.xz
archive    zziplib-0.13.72.tar.gz                                      93ef44bf1f1ea24fc66080426a469df82fa631d13ca3b2e4abaeab89538518dc    https://github.com/gdraheim/zziplib/archive/refs/tags/v0.13.72.tar.gz
git        ogre-1.12.10                                                93d7eb5282d31b956f008a53e837bbb820b34454                             https://github.com/OGRECave/ogre.git
archive    qtbase-5.15.8.tar.xz                                        bfb11126c7f3abc3fdf86425ce912988b864a7e79a606d77325cffdbacb4be9c    https://download.qt.io/archive/qt/5.15/5.15.8/submodules/qtbase-everywhere-opensource-src-5.15.8.tar.xz
archive    qtsvg-everywhere-src-5.15.8.tar.xz                           9c2fba3e7fd06ee629b159804703466469679e3153f5c313c6e42a59ee66d562    https://download.qt.io/archive/qt/5.15/5.15.8/submodules/qtsvg-everywhere-opensource-src-5.15.8.tar.xz
archive    PyQt5-5.15.11.tar.gz                                        fda45743ebb4a27b4b1a51c6d8ef455c4c1b5d610c90d2934c7802b5c1557c52    https://files.pythonhosted.org/packages/source/P/PyQt5/PyQt5-5.15.11.tar.gz
archive    pyqt5_sip-12.19.0.tar.gz                                    71cacf1879da2cd3e50cb239e21673cfe02d358af70ab6768817c960428868c3    https://files.pythonhosted.org/packages/0d/9d/5179b8e619fe084218a87f963f1648cba4c5aa5bb98dd5661d2cbb9eb1e4/pyqt5_sip-12.19.0.tar.gz
archive    sip-6.8.6-py3-none-any.whl                                  3d715cb29396db8ff5258cfd2082dc24a75ed0821d9c3d53acccdc83a7f2617f    https://files.pythonhosted.org/packages/26/7e/1fbee86c34d21f32fd8a6e3efbe4a796fb506541051280d5c94264343db7/sip-6.8.6-py3-none-any.whl
archive    pyqt_builder-1.19.1-py3-none-any.whl                        bb8a348479c25db54aa37542fcc98b6c28bb057c9dbac07ddf2424df2084951a    https://files.pythonhosted.org/packages/13/e8/3cdb96cd8f7f0bf4113532d5d762324dd6ea3630362ea2169f9075803a2e/pyqt_builder-1.19.1-py3-none-any.whl
archive    qt5_applications-5.15.2.2.3-py3-none-win_amd64.whl          5156cc710ed3942f736ec2c46889f73d829fcd4093bed8dbddf2fd83929fdf0b    https://files.pythonhosted.org/packages/ae/a9/cd64cda6f58321c4a0021ced80117b225562efc42f1318ff2cea69c23eb7/qt5_applications-5.15.2.2.3-py3-none-win_amd64.whl
archive    sip-4.19.25-py310h8a704f9_1.tar.bz2                         1b23749e6ef96a776228d0b8d4670a03e38f15f63e7e2b03d2400755ed3420ea    https://conda.anaconda.org/conda-forge/win-64/sip-4.19.25-py310h8a704f9_1.tar.bz2
